
Microsoft Visual Studio Solution File, Format Version 12.00
# Visual Studio Version 17
VisualStudioVersion = 17.0.31512.422
MinimumVisualStudioVersion = 10.0.40219.1
Project("{FAE04EC0-301F-11D3-BF4B-00C04F79EFBC}") = "TicTac.Server", "TicTac\Server\TicTac.Server.csproj", "{DAA96077-8761-4BC7-A797-1B1900EEFB0B}"
EndProject
Project("{FAE04EC0-301F-11D3-BF4B-00C04F79EFBC}") = "TicTac.Client", "TicTac\Client\TicTac.Client.csproj", "{D197F3D4-9EB9-4064-ACFC-2A404A3B5DA2}"
EndProject
Project("{FAE04EC0-301F-11D3-BF4B-00C04F79EFBC}") = "TicTac.Shared", "TicTac\Shared\TicTac.Shared.csproj", "{F90F8BAF-3A72-4586-90C2-12A6B3EAE3EC}"
EndProject
Global
	GlobalSection(SolutionConfigurationPlatforms) = preSolution
		Debug|Any CPU = Debug|Any CPU
		Release|Any CPU = Release|Any CPU
	EndGlobalSection
	GlobalSection(ProjectConfigurationPlatforms) = postSolution
		{DAA96077-8761-4BC7-A797-1B1900EEFB0B}.Debug|Any CPU.ActiveCfg = Debug|Any CPU
		{DAA96077-8761-4BC7-A797-1B1900EEFB0B}.Debug|Any CPU.Build.0 = Debug|Any CPU
		{DAA96077-8761-4BC7-A797-1B1900EEFB0B}.Release|Any CPU.ActiveCfg = Release|Any CPU
		{DAA96077-8761-4BC7-A797-1B1900EEFB0B}.Release|Any CPU.Build.0 = Release|Any CPU
		{D197F3D4-9EB9-4064-ACFC-2A404A3B5DA2}.Debug|Any CPU.ActiveCfg = Debug|Any CPU
		{D197F3D4-9EB9-4064-ACFC-2A404A3B5DA2}.Debug|Any CPU.Build.0 = Debug|Any CPU
		{D197F3D4-9EB9-4064-ACFC-2A404A3B5DA2}.Release|Any CPU.ActiveCfg = Release|Any CPU
		{D197F3D4-9EB9-4064-ACFC-2A404A3B5DA2}.Release|Any CPU.Build.0 = Release|Any CPU
		{F90F8BAF-3A72-4586-90C2-12A6B3EAE3EC}.Debug|Any CPU.ActiveCfg = Debug|Any CPU
		{F90F8BAF-3A72-4586-90C2-12A6B3EAE3EC}.Debug|Any CPU.Build.0 = Debug|Any CPU
		{F90F8BAF-3A72-4586-90C2-12A6B3EAE3EC}.Release|Any CPU.ActiveCfg = Release|Any CPU
		{F90F8BAF-3A72-4586-90C2-12A6B3EAE3EC}.Release|Any CPU.Build.0 = Release|Any CPU
	EndGlobalSection
	GlobalSection(SolutionProperties) = preSolution
		HideSolutionNode = FALSE
	EndGlobalSection
	GlobalSection(ExtensibilityGlobals) = postSolution
		SolutionGuid = {E8844A64-C155-49E0-9B48-052DCAFCF5F9}
	EndGlobalSection
EndGlobal
